
Microsoft Visual Studio Solution File, Format Version 12.00
# Visual Studio Version 17
VisualStudioVersion = 17.1.32421.90
MinimumVisualStudioVersion = 10.0.40219.1
Project("{FAE04EC0-301F-11D3-BF4B-00C04F79EFBC}") = "Server", "Server\Server.csproj", "{43ACB613-465D-4A94-A9DC-BE5B941D7EDF}"
EndProject
Global
	GlobalSection(SolutionConfigurationPlatforms) = preSolution
		Debug|Any CPU = Debug|Any CPU
		Release|Any CPU = Release|Any CPU
	EndGlobalSection
	GlobalSection(ProjectConfigurationPlatforms) = postSolution
		{43ACB613-465D-4A94-A9DC-BE5B941D7EDF}.Debug|Any CPU.ActiveCfg = Debug|Any CPU
		{43ACB613-465D-4A94-A9DC-BE5B941D7EDF}.Debug|Any CPU.Build.0 = Debug|Any CPU
		{43ACB613-465D-4A94-A9DC-BE5B941D7EDF}.Release|Any CPU.ActiveCfg = Release|Any CPU
		{43ACB613-465D-4A94-A9DC-BE5B941D7EDF}.Release|Any CPU.Build.0 = Release|Any CPU
	EndGlobalSection
	GlobalSection(SolutionProperties) = preSolution
		HideSolutionNode = FALSE
	EndGlobalSection
	GlobalSection(ExtensibilityGlobals) = postSolution
		SolutionGuid = {763FBC20-361F-4C2B-A55C-F7F0F0E5E50C}
	EndGlobalSection
EndGlobal
